
Microsoft Visual Studio Solution File, Format Version 12.00
# Visual Studio 15
VisualStudioVersion = 15.0.28307.168
MinimumVisualStudioVersion = 10.0.40219.1
Project("{9A19103F-16F7-4668-BE54-9A1E7A4F7556}") = "mymva", "mymva.csproj", "{936CAD9D-A933-4014-AAC0-429A235C7DFD}"
EndProject
Global
	GlobalSection(SolutionConfigurationPlatforms) = preSolution
		Debug|Any CPU = Debug|Any CPU
		Release|Any CPU = Release|Any CPU
	EndGlobalSection
	GlobalSection(ProjectConfigurationPlatforms) = postSolution
		{936CAD9D-A933-4014-AAC0-429A235C7DFD}.Debug|Any CPU.ActiveCfg = Debug|Any CPU
		{936CAD9D-A933-4014-AAC0-429A235C7DFD}.Debug|Any CPU.Build.0 = Debug|Any CPU
		{936CAD9D-A933-4014-AAC0-429A235C7DFD}.Release|Any CPU.ActiveCfg = Release|Any CPU
		{936CAD9D-A933-4014-AAC0-429A235C7DFD}.Release|Any CPU.Build.0 = Release|Any CPU
	EndGlobalSection
	GlobalSection(SolutionProperties) = preSolution
		HideSolutionNode = FALSE
	EndGlobalSection
	GlobalSection(ExtensibilityGlobals) = postSolution
		SolutionGuid = {FA803AA6-704E-441A-A08C-40E62419D992}
	EndGlobalSection
EndGlobal
